<?xml version="1.0" encoding="utf-8"?>
<Project ToolsVersion="4.0" xmlns="http://schemas.microsoft.com/developer/msbuild/2003">
  <ItemGroup>
    <Filter Include="Tilia">
      <UniqueIdentifier>{98772A0E-048C-52BF-CD0D-F61E39E14EF0}</UniqueIdentifier>
    </Filter>
    <Filter Include="Tilia\Events">
      <UniqueIdentifier>{7CA86AE7-680B-FA8B-1191-3242FDD2C50E}</UniqueIdentifier>
    </Filter>
  </ItemGroup>
  <ItemGroup>
    <ClInclude Include="src\Tilia.h" />
    <ClInclude Include="src\Tilia\Application.h">
      <Filter>Tilia</Filter>
    </ClInclude>
    <ClInclude Include="src\Tilia\Core.h">
      <Filter>Tilia</Filter>
    </ClInclude>
    <ClInclude Include="src\Tilia\EntryPoint.h">
      <Filter>Tilia</Filter>
    </ClInclude>
    <ClInclude Include="src\Tilia\Events\ApplicationEvent.h">
      <Filter>Tilia\Events</Filter>
    </ClInclude>
    <ClInclude Include="src\Tilia\Events\Event.h">
      <Filter>Tilia\Events</Filter>
    </ClInclude>
    <ClInclude Include="src\Tilia\Events\KeyEvent.h">
      <Filter>Tilia\Events</Filter>
    </ClInclude>
    <ClInclude Include="src\Tilia\Events\MouseEvent.h">
      <Filter>Tilia\Events</Filter>
    </ClInclude>
    <ClInclude Include="src\Tilia\Log.h">
      <Filter>Tilia</Filter>
    </ClInclude>
    <ClInclude Include="src\tlpch.h" />
  </ItemGroup>
  <ItemGroup>
    <ClCompile Include="src\Tilia\Application.cpp">
      <Filter>Tilia</Filter>
    </ClCompile>
    <ClCompile Include="src\Tilia\Log.cpp">
      <Filter>Tilia</Filter>
    </ClCompile>
    <ClCompile Include="src\tlpch.cpp" />
  </ItemGroup>
</Project>